
Microsoft Visual Studio Solution File, Format Version 12.00
# Visual Studio 15
VisualStudioVersion = 15.0.28307.1500
MinimumVisualStudioVersion = 10.0.40219.1
Project("{8BC9CEB8-8B4A-11D0-8D11-00A0C91BC942}") = "InverseByte", "InverseByte.vcxproj", "{8F753EA2-5539-46C3-9C61-BE694E388630}"
EndProject
Global
	GlobalSection(SolutionConfigurationPlatforms) = preSolution
		Debug|x64 = Debug|x64
		Debug|x86 = Debug|x86
		Release|x64 = Release|x64
		Release|x86 = Release|x86
	EndGlobalSection
	GlobalSection(ProjectConfigurationPlatforms) = postSolution
		{8F753EA2-5539-46C3-9C61-BE694E388630}.Debug|x64.ActiveCfg = Debug|x64
		{8F753EA2-5539-46C3-9C61-BE694E388630}.Debug|x64.Build.0 = Debug|x64
		{8F753EA2-5539-46C3-9C61-BE694E388630}.Debug|x86.ActiveCfg = Debug|Win32
		{8F753EA2-5539-46C3-9C61-BE694E388630}.Debug|x86.Build.0 = Debug|Win32
		{8F753EA2-5539-46C3-9C61-BE694E388630}.Release|x64.ActiveCfg = Release|x64
		{8F753EA2-5539-46C3-9C61-BE694E388630}.Release|x64.Build.0 = Release|x64
		{8F753EA2-5539-46C3-9C61-BE694E388630}.Release|x86.ActiveCfg = Release|Win32
		{8F753EA2-5539-46C3-9C61-BE694E388630}.Release|x86.Build.0 = Release|Win32
	EndGlobalSection
	GlobalSection(SolutionProperties) = preSolution
		HideSolutionNode = FALSE
	EndGlobalSection
	GlobalSection(ExtensibilityGlobals) = postSolution
		SolutionGuid = {1D16DA2C-92E0-4E67-AD09-681A91B455C0}
	EndGlobalSection
EndGlobal
